// !$*UTF8*$!
{
	archiveVersion = 1;
	classes = {
	};
	objectVersion = 55;
	objects = {

/* Begin PBXBuildFile section */
		AF0D6B4527E5D224006176C5 /* SceneDelegate.swift in Sources */ = {isa = PBXBuildFile; fileRef = AF0D6B4427E5D224006176C5 /* SceneDelegate.swift */; };
		AF0D6B6727E5D6A9006176C5 /* CarPlaySceneDelegate.swift in Sources */ = {isa = PBXBuildFile; fileRef = AF0D6B6627E5D6A9006176C5 /* CarPlaySceneDelegate.swift */; };
		AF38A4F627E274A40053F57D /* CarPlay.storyboard in Resources */ = {isa = PBXBuildFile; fileRef = AF38A4F527E274A40053F57D /* CarPlay.storyboard */; };
		AF38A4F827E276970053F57D /* CarPlayViewController.swift in Sources */ = {isa = PBXBuildFile; fileRef = AF38A4F727E276970053F57D /* CarPlayViewController.swift */; };
		AFEC1062276E62D000AADEEC /* AppDelegate.swift in Sources */ = {isa = PBXBuildFile; fileRef = AFEC1061276E62D000AADEEC /* AppDelegate.swift */; };
		AFEC1066276E62D000AADEEC /* ViewController.swift in Sources */ = {isa = PBXBuildFile; fileRef = AFEC1065276E62D000AADEEC /* ViewController.swift */; };
		AFEC1069276E62D000AADEEC /* Main.storyboard in Resources */ = {isa = PBXBuildFile; fileRef = AFEC1067276E62D000AADEEC /* Main.storyboard */; };
		AFEC106B276E62D200AADEEC /* Assets.xcassets in Resources */ = {isa = PBXBuildFile; fileRef = AFEC106A276E62D200AADEEC /* Assets.xcassets */; };
		AFEC106E276E62D200AADEEC /* LaunchScreen.storyboard in Resources */ = {isa = PBXBuildFile; fileRef = AFEC106C276E62D200AADEEC /* LaunchScreen.storyboard */; };
/* End PBXBuildFile section */

/* Begin PBXFileReference section */
		AF0D6B4427E5D224006176C5 /* SceneDelegate.swift */ = {isa = PBXFileReference; lastKnownFileType = sourcecode.swift; path = SceneDelegate.swift; sourceTree = "<group>"; };
		AF0D6B6627E5D6A9006176C5 /* CarPlaySceneDelegate.swift */ = {isa = PBXFileReference; lastKnownFileType = sourcecode.swift; path = CarPlaySceneDelegate.swift; sourceTree = "<group>"; };
		AF38A4F527E274A40053F57D /* CarPlay.storyboard */ = {isa = PBXFileReference; lastKnownFileType = file.storyboard; path = CarPlay.storyboard; sourceTree = "<group>"; };
		AF38A4F727E276970053F57D /* CarPlayViewController.swift */ = {isa = PBXFileReference; lastKnownFileType = sourcecode.swift; path = CarPlayViewController.swift; sourceTree = "<group>"; };
		AFEC105E276E62D000AADEEC /* CarPlayUnleashed.app */ = {isa = PBXFileReference; explicitFileType = wrapper.application; includeInIndex = 0; path = CarPlayUnleashed.app; sourceTree = BUILT_PRODUCTS_DIR; };
		AFEC1061276E62D000AADEEC /* AppDelegate.swift */ = {isa = PBXFileReference; lastKnownFileType = sourcecode.swift; path = AppDelegate.swift; sourceTree = "<group>"; };
		AFEC1065276E62D000AADEEC /* ViewController.swift */ = {isa = PBXFileReference; lastKnownFileType = sourcecode.swift; path = ViewController.swift; sourceTree = "<group>"; };
		AFEC1068276E62D000AADEEC /* Base */ = {isa = PBXFileReference; lastKnownFileType = file.storyboard; name = Base; path = Base.lproj/Main.storyboard; sourceTree = "<group>"; };
		AFEC106A276E62D200AADEEC /* Assets.xcassets */ = {isa = PBXFileReference; lastKnownFileType = folder.assetcatalog; path = Assets.xcassets; sourceTree = "<group>"; };
		AFEC106D276E62D200AADEEC /* Base */ = {isa = PBXFileReference; lastKnownFileType = file.storyboard; name = Base; path = Base.lproj/LaunchScreen.storyboard; sourceTree = "<group>"; };
		AFEC106F276E62D200AADEEC /* Info.plist */ = {isa = PBXFileReference; lastKnownFileType = text.plist.xml; path = Info.plist; sourceTree = "<group>"; };
		AFEC1075276E62F000AADEEC /* CarPlayUnleashed.entitlements */ = {isa = PBXFileReference; lastKnownFileType = text.plist.entitlements; path = CarPlayUnleashed.entitlements; sourceTree = "<group>"; };
/* End PBXFileReference section */

/* Begin PBXFrameworksBuildPhase section */
		AFEC105B276E62D000AADEEC /* Frameworks */ = {
			isa = PBXFrameworksBuildPhase;
			buildActionMask = 2147483647;
			files = (
			);
			runOnlyForDeploymentPostprocessing = 0;
		};
/* End PBXFrameworksBuildPhase section */

/* Begin PBXGroup section */
		AFEC1055276E62D000AADEEC = {
			isa = PBXGroup;
			children = (
				AFEC1060276E62D000AADEEC /* CarPlayUnleashed */,
				AFEC105F276E62D000AADEEC /* Products */,
			);
			sourceTree = "<group>";
		};
		AFEC105F276E62D000AADEEC /* Products */ = {
			isa = PBXGroup;
			children = (
				AFEC105E276E62D000AADEEC /* CarPlayUnleashed.app */,
			);
			name = Products;
			sourceTree = "<group>";
		};
		AFEC1060276E62D000AADEEC /* CarPlayUnleashed */ = {
			isa = PBXGroup;
			children = (
				AFEC1075276E62F000AADEEC /* CarPlayUnleashed.entitlements */,
				AFEC1061276E62D000AADEEC /* AppDelegate.swift */,
				AF0D6B4427E5D224006176C5 /* SceneDelegate.swift */,
				AF0D6B6627E5D6A9006176C5 /* CarPlaySceneDelegate.swift */,
				AFEC1065276E62D000AADEEC /* ViewController.swift */,
				AF38A4F727E276970053F57D /* CarPlayViewController.swift */,
				AFEC1067276E62D000AADEEC /* Main.storyboard */,
				AF38A4F527E274A40053F57D /* CarPlay.storyboard */,
				AFEC106A276E62D200AADEEC /* Assets.xcassets */,
				AFEC106C276E62D200AADEEC /* LaunchScreen.storyboard */,
				AFEC106F276E62D200AADEEC /* Info.plist */,
			);
			path = CarPlayUnleashed;
			sourceTree = "<group>";
		};
/* End PBXGroup section */

/* Begin PBXNativeTarget section */
		AFEC105D276E62D000AADEEC /* CarPlayUnleashed */ = {
			isa = PBXNativeTarget;
			buildConfigurationList = AFEC1072276E62D200AADEEC /* Build configuration list for PBXNativeTarget "CarPlayUnleashed" */;
			buildPhases = (
				AFEC105A276E62D000AADEEC /* Sources */,
				AFEC105B276E62D000AADEEC /* Frameworks */,
				AFEC105C276E62D000AADEEC /* Resources */,
			);
			buildRules = (
			);
			dependencies = (
			);
			name = CarPlayUnleashed;
			productName = CarPlayUnleashed;
			productReference = AFEC105E276E62D000AADEEC /* CarPlayUnleashed.app */;
			productType = "com.apple.product-type.application";
		};
/* End PBXNativeTarget section */

/* Begin PBXProject section */
		AFEC1056276E62D000AADEEC /* Project object */ = {
			isa = PBXProject;
			attributes = {
				BuildIndependentTargetsInParallel = 1;
				LastSwiftUpdateCheck = 1320;
				LastUpgradeCheck = 1320;
				TargetAttributes = {
					AFEC105D276E62D000AADEEC = {
						CreatedOnToolsVersion = 13.2.1;
					};
				};
			};
			buildConfigurationList = AFEC1059276E62D000AADEEC /* Build configuration list for PBXProject "CarPlayUnleashed" */;
			compatibilityVersion = "Xcode 13.0";
			developmentRegion = en;
			hasScannedForEncodings = 0;
			knownRegions = (
				en,
				Base,
			);
			mainGroup = AFEC1055276E62D000AADEEC;
			productRefGroup = AFEC105F276E62D000AADEEC /* Products */;
			projectDirPath = "";
			projectRoot = "";
			targets = (
				AFEC105D276E62D000AADEEC /* CarPlayUnleashed */,
			);
		};
/* End PBXProject section */

/* Begin PBXResourcesBuildPhase section */
		AFEC105C276E62D000AADEEC /* Resources */ = {
			isa = PBXResourcesBuildPhase;
			buildActionMask = 2147483647;
			files = (
				AFEC106E276E62D200AADEEC /* LaunchScreen.storyboard in Resources */,
				AF38A4F627E274A40053F57D /* CarPlay.storyboard in Resources */,
				AFEC106B276E62D200AADEEC /* Assets.xcassets in Resources */,
				AFEC1069276E62D000AADEEC /* Main.storyboard in Resources */,
			);
			runOnlyForDeploymentPostprocessing = 0;
		};
/* End PBXResourcesBuildPhase section */

/* Begin PBXSourcesBuildPhase section */
		AFEC105A276E62D000AADEEC /* Sources */ = {
			isa = PBXSourcesBuildPhase;
			buildActionMask = 2147483647;
			files = (
				AFEC1066276E62D000AADEEC /* ViewController.swift in Sources */,
				AFEC1062276E62D000AADEEC /* AppDelegate.swift in Sources */,
				AF38A4F827E276970053F57D /* CarPlayViewController.swift in Sources */,
				AF0D6B4527E5D224006176C5 /* SceneDelegate.swift in Sources */,
				AF0D6B6727E5D6A9006176C5 /* CarPlaySceneDelegate.swift in Sources */,
			);
			runOnlyForDeploymentPostprocessing = 0;
		};
/* End PBXSourcesBuildPhase section */

/* Begin PBXVariantGroup section */
		AFEC1067276E62D000AADEEC /* Main.storyboard */ = {
			isa = PBXVariantGroup;
			children = (
				AFEC1068276E62D000AADEEC /* Base */,
			);
			name = Main.storyboard;
			sourceTree = "<group>";
		};
		AFEC106C276E62D200AADEEC /* LaunchScreen.storyboard */ = {
			isa = PBXVariantGroup;
			children = (
				AFEC106D276E62D200AADEEC /* Base */,
			);
			name = LaunchScreen.storyboard;
			sourceTree = "<group>";
		};
/* End PBXVariantGroup section */

/* Begin XCBuildConfiguration section */
		AFEC1070276E62D200AADEEC /* Debug */ = {
			isa = XCBuildConfiguration;
			buildSettings = {
				ALWAYS_SEARCH_USER_PATHS = NO;
				CLANG_ANALYZER_NONNULL = YES;
				CLANG_ANALYZER_NUMBER_OBJECT_CONVERSION = YES_AGGRESSIVE;
				CLANG_CXX_LANGUAGE_STANDARD = "gnu++17";
				CLANG_CXX_LIBRARY = "libc++";
				CLANG_ENABLE_MODULES = YES;
				CLANG_ENABLE_OBJC_ARC = YES;
				CLANG_ENABLE_OBJC_WEAK = YES;
				CLANG_WARN_BLOCK_CAPTURE_AUTORELEASING = YES;
				CLANG_WARN_BOOL_CONVERSION = YES;
				CLANG_WARN_COMMA = YES;
				CLANG_WARN_CONSTANT_CONVERSION = YES;
				CLANG_WARN_DEPRECATED_OBJC_IMPLEMENTATIONS = YES;
				CLANG_WARN_DIRECT_OBJC_ISA_USAGE = YES_ERROR;
				CLANG_WARN_DOCUMENTATION_COMMENTS = YES;
				CLANG_WARN_EMPTY_BODY = YES;
				CLANG_WARN_ENUM_CONVERSION = YES;
				CLANG_WARN_INFINITE_RECURSION = YES;
				CLANG_WARN_INT_CONVERSION = YES;
				CLANG_WARN_NON_LITERAL_NULL_CONVERSION = YES;
				CLANG_WARN_OBJC_IMPLICIT_RETAIN_SELF = YES;
				CLANG_WARN_OBJC_LITERAL_CONVERSION = YES;
				CLANG_WARN_OBJC_ROOT_CLASS = YES_ERROR;
				CLANG_WARN_QUOTED_INCLUDE_IN_FRAMEWORK_HEADER = YES;
				CLANG_WARN_RANGE_LOOP_ANALYSIS = YES;
				CLANG_WARN_STRICT_PROTOTYPES = YES;
				CLANG_WARN_SUSPICIOUS_MOVE = YES;
				CLANG_WARN_UNGUARDED_AVAILABILITY = YES_AGGRESSIVE;
				CLANG_WARN_UNREACHABLE_CODE = YES;
				CLANG_WARN__DUPLICATE_METHOD_MATCH = YES;
				COPY_PHASE_STRIP = NO;
				DEBUG_INFORMATION_FORMAT = dwarf;
				ENABLE_STRICT_OBJC_MSGSEND = YES;
				ENABLE_TESTABILITY = YES;
				GCC_C_LANGUAGE_STANDARD = gnu11;
				GCC_DYNAMIC_NO_PIC = NO;
				GCC_NO_COMMON_BLOCKS = YES;
				GCC_OPTIMIZATION_LEVEL = 0;
				GCC_PREPROCESSOR_DEFINITIONS = (
					"DEBUG=1",
					"$(inherited)",
				);
				GCC_WARN_64_TO_32_BIT_CONVERSION = YES;
				GCC_WARN_ABOUT_RETURN_TYPE = YES_ERROR;
				GCC_WARN_UNDECLARED_SELECTOR = YES;
				GCC_WARN_UNINITIALIZED_AUTOS = YES_AGGRESSIVE;
				GCC_WARN_UNUSED_FUNCTION = YES;
				GCC_WARN_UNUSED_VARIABLE = YES;
				IPHONEOS_DEPLOYMENT_TARGET = 15.2;
				MTL_ENABLE_DEBUG_INFO = INCLUDE_SOURCE;
				MTL_FAST_MATH = YES;
				ONLY_ACTIVE_ARCH = YES;
				SDKROOT = iphoneos;
				SWIFT_ACTIVE_COMPILATION_CONDITIONS = DEBUG;
				SWIFT_OPTIMIZATION_LEVEL = "-Onone";
			};
			name = Debug;
		};
		AFEC1071276E62D200AADEEC /* Release */ = {
			isa = XCBuildConfiguration;
			buildSettings = {
				ALWAYS_SEARCH_USER_PATHS = NO;
				CLANG_ANALYZER_NONNULL = YES;
				CLANG_ANALYZER_NUMBER_OBJECT_CONVERSION = YES_AGGRESSIVE;
				CLANG_CXX_LANGUAGE_STANDARD = "gnu++17";
				CLANG_CXX_LIBRARY = "libc++";
				CLANG_ENABLE_MODULES = YES;
				CLANG_ENABLE_OBJC_ARC = YES;
				CLANG_ENABLE_OBJC_WEAK = YES;
				CLANG_WARN_BLOCK_CAPTURE_AUTORELEASING = YES;
				CLANG_WARN_BOOL_CONVERSION = YES;
				CLANG_WARN_COMMA = YES;
				CLANG_WARN_CONSTANT_CONVERSION = YES;
				CLANG_WARN_DEPRECATED_OBJC_IMPLEMENTATIONS = YES;
				CLANG_WARN_DIRECT_OBJC_ISA_USAGE = YES_ERROR;
				CLANG_WARN_DOCUMENTATION_COMMENTS = YES;
				CLANG_WARN_EMPTY_BODY = YES;
				CLANG_WARN_ENUM_CONVERSION = YES;
				CLANG_WARN_INFINITE_RECURSION = YES;
				CLANG_WARN_INT_CONVERSION = YES;
				CLANG_WARN_NON_LITERAL_NULL_CONVERSION = YES;
				CLANG_WARN_OBJC_IMPLICIT_RETAIN_SELF = YES;
				CLANG_WARN_OBJC_LITERAL_CONVERSION = YES;
				CLANG_WARN_OBJC_ROOT_CLASS = YES_ERROR;
				CLANG_WARN_QUOTED_INCLUDE_IN_FRAMEWORK_HEADER = YES;
				CLANG_WARN_RANGE_LOOP_ANALYSIS = YES;
				CLANG_WARN_STRICT_PROTOTYPES = YES;
				CLANG_WARN_SUSPICIOUS_MOVE = YES;
				CLANG_WARN_UNGUARDED_AVAILABILITY = YES_AGGRESSIVE;
				CLANG_WARN_UNREACHABLE_CODE = YES;
				CLANG_WARN__DUPLICATE_METHOD_MATCH = YES;
				COPY_PHASE_STRIP = NO;
				DEBUG_INFORMATION_FORMAT = "dwarf-with-dsym";
				ENABLE_NS_ASSERTIONS = NO;
				ENABLE_STRICT_OBJC_MSGSEND = YES;
				GCC_C_LANGUAGE_STANDARD = gnu11;
				GCC_NO_COMMON_BLOCKS = YES;
				GCC_WARN_64_TO_32_BIT_CONVERSION = YES;
				GCC_WARN_ABOUT_RETURN_TYPE = YES_ERROR;
				GCC_WARN_UNDECLARED_SELECTOR = YES;
				GCC_WARN_UNINITIALIZED_AUTOS = YES_AGGRESSIVE;
				GCC_WARN_UNUSED_FUNCTION = YES;
				GCC_WARN_UNUSED_VARIABLE = YES;
				IPHONEOS_DEPLOYMENT_TARGET = 15.2;
				MTL_ENABLE_DEBUG_INFO = NO;
				MTL_FAST_MATH = YES;
				SDKROOT = iphoneos;
				SWIFT_COMPILATION_MODE = wholemodule;
				SWIFT_OPTIMIZATION_LEVEL = "-O";
				VALIDATE_PRODUCT = YES;
			};
			name = Release;
		};
		AFEC1073276E62D200AADEEC /* Debug */ = {
			isa = XCBuildConfiguration;
			buildSettings = {
				ASSETCATALOG_COMPILER_APPICON_NAME = AppIcon;
				ASSETCATALOG_COMPILER_GLOBAL_ACCENT_COLOR_NAME = AccentColor;
				CODE_SIGN_ENTITLEMENTS = CarPlayUnleashed/CarPlayUnleashed.entitlements;
				CODE_SIGN_STYLE = Automatic;
				CURRENT_PROJECT_VERSION = 1;
				DEVELOPMENT_TEAM = 7S2JF47WZN;
				GENERATE_INFOPLIST_FILE = YES;
				INFOPLIST_FILE = CarPlayUnleashed/Info.plist;
				INFOPLIST_KEY_UIApplicationSupportsIndirectInputEvents = YES;
				INFOPLIST_KEY_UILaunchStoryboardName = LaunchScreen;
				INFOPLIST_KEY_UIMainStoryboardFile = Main;
				INFOPLIST_KEY_UISupportedInterfaceOrientations_iPad = "UIInterfaceOrientationPortrait UIInterfaceOrientationPortraitUpsideDown UIInterfaceOrientationLandscapeLeft UIInterfaceOrientationLandscapeRight";
				INFOPLIST_KEY_UISupportedInterfaceOrientations_iPhone = "UIInterfaceOrientationPortrait UIInterfaceOrientationLandscapeLeft UIInterfaceOrientationLandscapeRight";
				IPHONEOS_DEPLOYMENT_TARGET = 12.0;
				LD_RUNPATH_SEARCH_PATHS = (
					"$(inherited)",
					"@executable_path/Frameworks",
				);
				MARKETING_VERSION = 1.0;
				PRODUCT_BUNDLE_IDENTIFIER = com.fotidim.CarPlayUnleashed;
				PRODUCT_NAME = "$(TARGET_NAME)";
				SWIFT_EMIT_LOC_STRINGS = YES;
				SWIFT_VERSION = 5.0;
				TARGETED_DEVICE_FAMILY = "1,2";
			};
			name = Debug;
		};
		AFEC1074276E62D200AADEEC /* Release */ = {
			isa = XCBuildConfiguration;
			buildSettings = {
				ASSETCATALOG_COMPILER_APPICON_NAME = AppIcon;
				ASSETCATALOG_COMPILER_GLOBAL_ACCENT_COLOR_NAME = AccentColor;
				CODE_SIGN_ENTITLEMENTS = CarPlayUnleashed/CarPlayUnleashed.entitlements;
				CODE_SIGN_STYLE = Automatic;
				CURRENT_PROJECT_VERSION = 1;
				DEVELOPMENT_TEAM = 7S2JF47WZN;
				GENERATE_INFOPLIST_FILE = YES;
				INFOPLIST_FILE = CarPlayUnleashed/Info.plist;
				INFOPLIST_KEY_UIApplicationSupportsIndirectInputEvents = YES;
				INFOPLIST_KEY_UILaunchStoryboardName = LaunchScreen;
				INFOPLIST_KEY_UIMainStoryboardFile = Main;
				INFOPLIST_KEY_UISupportedInterfaceOrientations_iPad = "UIInterfaceOrientationPortrait UIInterfaceOrientationPortraitUpsideDown UIInterfaceOrientationLandscapeLeft UIInterfaceOrientationLandscapeRight";
				INFOPLIST_KEY_UISupportedInterfaceOrientations_iPhone = "UIInterfaceOrientationPortrait UIInterfaceOrientationLandscapeLeft UIInterfaceOrientationLandscapeRight";
				IPHONEOS_DEPLOYMENT_TARGET = 12.0;
				LD_RUNPATH_SEARCH_PATHS = (
					"$(inherited)",
					"@executable_path/Frameworks",
				);
				MARKETING_VERSION = 1.0;
				PRODUCT_BUNDLE_IDENTIFIER = com.fotidim.CarPlayUnleashed;
				PRODUCT_NAME = "$(TARGET_NAME)";
				SWIFT_EMIT_LOC_STRINGS = YES;
				SWIFT_VERSION = 5.0;
				TARGETED_DEVICE_FAMILY = "1,2";
			};
			name = Release;
		};
/* End XCBuildConfiguration section */

/* Begin XCConfigurationList section */
		AFEC1059276E62D000AADEEC /* Build configuration list for PBXProject "CarPlayUnleashed" */ = {
			isa = XCConfigurationList;
			buildConfigurations = (
				AFEC1070276E62D200AADEEC /* Debug */,
				AFEC1071276E62D200AADEEC /* Release */,
			);
			defaultConfigurationIsVisible = 0;
			defaultConfigurationName = Release;
		};
		AFEC1072276E62D200AADEEC /* Build configuration list for PBXNativeTarget "CarPlayUnleashed" */ = {
			isa = XCConfigurationList;
			buildConfigurations = (
				AFEC1073276E62D200AADEEC /* Debug */,
				AFEC1074276E62D200AADEEC /* Release */,
			);
			defaultConfigurationIsVisible = 0;
			defaultConfigurationName = Release;
		};
/* End XCConfigurationList section */
	};
	rootObject = AFEC1056276E62D000AADEEC /* Project object */;
}
